
Microsoft Visual Studio Solution File, Format Version 12.00
# Visual Studio 15
Project("{FAE04EC0-301F-11D3-BF4B-00C04F79EFBC}") = "testUGUI.Plugins", "testUGUI.Plugins.csproj", "{3A8F12EB-2612-2123-18A1-F704D27E062A}"
EndProject
Project("{FAE04EC0-301F-11D3-BF4B-00C04F79EFBC}") = "testUGUI", "testUGUI.csproj", "{EC48E181-B7D6-55AE-3A39-530B2C0B9EB1}"
EndProject
Project("{FAE04EC0-301F-11D3-BF4B-00C04F79EFBC}") = "testUGUI.Editor", "testUGUI.Editor.csproj", "{F7D69298-00CD-506A-81A2-35DCBA3F0713}"
EndProject
Global
	GlobalSection(SolutionConfigurationPlatforms) = preSolution
		Debug|Any CPU = Debug|Any CPU
		Release|Any CPU = Release|Any CPU
	EndGlobalSection
	GlobalSection(ProjectConfigurationPlatforms) = postSolution
		{3A8F12EB-2612-2123-18A1-F704D27E062A}.Debug|Any CPU.ActiveCfg = Debug|Any CPU
		{3A8F12EB-2612-2123-18A1-F704D27E062A}.Debug|Any CPU.Build.0 = Debug|Any CPU
		{3A8F12EB-2612-2123-18A1-F704D27E062A}.Release|Any CPU.ActiveCfg = Release|Any CPU
		{3A8F12EB-2612-2123-18A1-F704D27E062A}.Release|Any CPU.Build.0 = Release|Any CPU
		{EC48E181-B7D6-55AE-3A39-530B2C0B9EB1}.Debug|Any CPU.ActiveCfg = Debug|Any CPU
		{EC48E181-B7D6-55AE-3A39-530B2C0B9EB1}.Debug|Any CPU.Build.0 = Debug|Any CPU
		{EC48E181-B7D6-55AE-3A39-530B2C0B9EB1}.Release|Any CPU.ActiveCfg = Release|Any CPU
		{EC48E181-B7D6-55AE-3A39-530B2C0B9EB1}.Release|Any CPU.Build.0 = Release|Any CPU
		{F7D69298-00CD-506A-81A2-35DCBA3F0713}.Debug|Any CPU.ActiveCfg = Debug|Any CPU
		{F7D69298-00CD-506A-81A2-35DCBA3F0713}.Debug|Any CPU.Build.0 = Debug|Any CPU
		{F7D69298-00CD-506A-81A2-35DCBA3F0713}.Release|Any CPU.ActiveCfg = Release|Any CPU
		{F7D69298-00CD-506A-81A2-35DCBA3F0713}.Release|Any CPU.Build.0 = Release|Any CPU
	EndGlobalSection
	GlobalSection(SolutionProperties) = preSolution
		HideSolutionNode = FALSE
	EndGlobalSection
EndGlobal
